
Microsoft Visual Studio Solution File, Format Version 12.00
# Visual Studio Version 16
VisualStudioVersion = 16.0.30320.27
MinimumVisualStudioVersion = 10.0.40219.1
Project("{FAE04EC0-301F-11D3-BF4B-00C04F79EFBC}") = "SisFiespApplication", "SisFiespApplication\SisFiespApplication.csproj", "{4507EA05-CFC2-4033-8CD8-B950391DEDEE}"
EndProject
Global
	GlobalSection(SolutionConfigurationPlatforms) = preSolution
		Debug|Any CPU = Debug|Any CPU
		Release|Any CPU = Release|Any CPU
	EndGlobalSection
	GlobalSection(ProjectConfigurationPlatforms) = postSolution
		{4507EA05-CFC2-4033-8CD8-B950391DEDEE}.Debug|Any CPU.ActiveCfg = Debug|Any CPU
		{4507EA05-CFC2-4033-8CD8-B950391DEDEE}.Debug|Any CPU.Build.0 = Debug|Any CPU
		{4507EA05-CFC2-4033-8CD8-B950391DEDEE}.Release|Any CPU.ActiveCfg = Release|Any CPU
		{4507EA05-CFC2-4033-8CD8-B950391DEDEE}.Release|Any CPU.Build.0 = Release|Any CPU
	EndGlobalSection
	GlobalSection(SolutionProperties) = preSolution
		HideSolutionNode = FALSE
	EndGlobalSection
	GlobalSection(ExtensibilityGlobals) = postSolution
		SolutionGuid = {D93B7B73-0604-4B41-845C-E80B5896C3D6}
	EndGlobalSection
EndGlobal
